// !$*UTF8*$!
{
	archiveVersion = 1;
	classes = {
	};
	objectVersion = 46;
	objects = {

/* Begin PBXBuildFile section */
		26DF38F01B93FF810080AEB1 /* main.m in Sources */ = {isa = PBXBuildFile; fileRef = 26DF38EF1B93FF810080AEB1 /* main.m */; };
		26DF38F31B93FF810080AEB1 /* AppDelegate.m in Sources */ = {isa = PBXBuildFile; fileRef = 26DF38F21B93FF810080AEB1 /* AppDelegate.m */; };
		26DF38F61B93FF810080AEB1 /* ViewController.m in Sources */ = {isa = PBXBuildFile; fileRef = 26DF38F51B93FF810080AEB1 /* ViewController.m */; };
		26DF38F91B93FF810080AEB1 /* Main.storyboard in Resources */ = {isa = PBXBuildFile; fileRef = 26DF38F71B93FF810080AEB1 /* Main.storyboard */; };
		26DF38FB1B93FF810080AEB1 /* Images.xcassets in Resources */ = {isa = PBXBuildFile; fileRef = 26DF38FA1B93FF810080AEB1 /* Images.xcassets */; };
		26DF38FE1B93FF810080AEB1 /* LaunchScreen.xib in Resources */ = {isa = PBXBuildFile; fileRef = 26DF38FC1B93FF810080AEB1 /* LaunchScreen.xib */; };
		26DF390A1B93FF810080AEB1 /* TestCarthageTests.m in Sources */ = {isa = PBXBuildFile; fileRef = 26DF39091B93FF810080AEB1 /* TestCarthageTests.m */; };
		26DF39141B9401DE0080AEB1 /* ReactiveCocoa.framework in Frameworks */ = {isa = PBXBuildFile; fileRef = 26DF39131B9401DE0080AEB1 /* ReactiveCocoa.framework */; };
		26DF39151B9402EF0080AEB1 /* ReactiveCocoa.framework in Frameworks */ = {isa = PBXBuildFile; fileRef = 26DF39131B9401DE0080AEB1 /* ReactiveCocoa.framework */; };
		26DF39161B9402EF0080AEB1 /* ReactiveCocoa.framework in Embed Frameworks */ = {isa = PBXBuildFile; fileRef = 26DF39131B9401DE0080AEB1 /* ReactiveCocoa.framework */; settings = {ATTRIBUTES = (CodeSignOnCopy, RemoveHeadersOnCopy, ); }; };
/* End PBXBuildFile section */

/* Begin PBXContainerItemProxy section */
		26DF39041B93FF810080AEB1 /* PBXContainerItemProxy */ = {
			isa = PBXContainerItemProxy;
			containerPortal = 26DF38E21B93FF810080AEB1 /* Project object */;
			proxyType = 1;
			remoteGlobalIDString = 26DF38E91B93FF810080AEB1;
			remoteInfo = TestCarthage;
		};
/* End PBXContainerItemProxy section */

/* Begin PBXCopyFilesBuildPhase section */
		26DF39171B9402EF0080AEB1 /* Embed Frameworks */ = {
			isa = PBXCopyFilesBuildPhase;
			buildActionMask = 2147483647;
			dstPath = "";
			dstSubfolderSpec = 10;
			files = (
				26DF39161B9402EF0080AEB1 /* ReactiveCocoa.framework in Embed Frameworks */,
			);
			name = "Embed Frameworks";
			runOnlyForDeploymentPostprocessing = 0;
		};
/* End PBXCopyFilesBuildPhase section */

/* Begin PBXFileReference section */
		26DF38EA1B93FF810080AEB1 /* TestCarthage.app */ = {isa = PBXFileReference; explicitFileType = wrapper.application; includeInIndex = 0; path = TestCarthage.app; sourceTree = BUILT_PRODUCTS_DIR; };
		26DF38EE1B93FF810080AEB1 /* Info.plist */ = {isa = PBXFileReference; lastKnownFileType = text.plist.xml; path = Info.plist; sourceTree = "<group>"; };
		26DF38EF1B93FF810080AEB1 /* main.m */ = {isa = PBXFileReference; lastKnownFileType = sourcecode.c.objc; path = main.m; sourceTree = "<group>"; };
		26DF38F11B93FF810080AEB1 /* AppDelegate.h */ = {isa = PBXFileReference; lastKnownFileType = sourcecode.c.h; path = AppDelegate.h; sourceTree = "<group>"; };
		26DF38F21B93FF810080AEB1 /* AppDelegate.m */ = {isa = PBXFileReference; lastKnownFileType = sourcecode.c.objc; path = AppDelegate.m; sourceTree = "<group>"; };
		26DF38F41B93FF810080AEB1 /* ViewController.h */ = {isa = PBXFileReference; lastKnownFileType = sourcecode.c.h; path = ViewController.h; sourceTree = "<group>"; };
		26DF38F51B93FF810080AEB1 /* ViewController.m */ = {isa = PBXFileReference; lastKnownFileType = sourcecode.c.objc; path = ViewController.m; sourceTree = "<group>"; };
		26DF38F81B93FF810080AEB1 /* Base */ = {isa = PBXFileReference; lastKnownFileType = file.storyboard; name = Base; path = Base.lproj/Main.storyboard; sourceTree = "<group>"; };
		26DF38FA1B93FF810080AEB1 /* Images.xcassets */ = {isa = PBXFileReference; lastKnownFileType = folder.assetcatalog; path = Images.xcassets; sourceTree = "<group>"; };
		26DF38FD1B93FF810080AEB1 /* Base */ = {isa = PBXFileReference; lastKnownFileType = file.xib; name = Base; path = Base.lproj/LaunchScreen.xib; sourceTree = "<group>"; };
		26DF39031B93FF810080AEB1 /* TestCarthageTests.xctest */ = {isa = PBXFileReference; explicitFileType = wrapper.cfbundle; includeInIndex = 0; path = TestCarthageTests.xctest; sourceTree = BUILT_PRODUCTS_DIR; };
		26DF39081B93FF810080AEB1 /* Info.plist */ = {isa = PBXFileReference; lastKnownFileType = text.plist.xml; path = Info.plist; sourceTree = "<group>"; };
		26DF39091B93FF810080AEB1 /* TestCarthageTests.m */ = {isa = PBXFileReference; lastKnownFileType = sourcecode.c.objc; path = TestCarthageTests.m; sourceTree = "<group>"; };
		26DF39131B9401DE0080AEB1 /* ReactiveCocoa.framework */ = {isa = PBXFileReference; lastKnownFileType = wrapper.framework; name = ReactiveCocoa.framework; path = Carthage/Build/iOS/ReactiveCocoa.framework; sourceTree = "<group>"; };
/* End PBXFileReference section */

/* Begin PBXFrameworksBuildPhase section */
		26DF38E71B93FF810080AEB1 /* Frameworks */ = {
			isa = PBXFrameworksBuildPhase;
			buildActionMask = 2147483647;
			files = (
				26DF39141B9401DE0080AEB1 /* ReactiveCocoa.framework in Frameworks */,
				26DF39151B9402EF0080AEB1 /* ReactiveCocoa.framework in Frameworks */,
			);
			runOnlyForDeploymentPostprocessing = 0;
		};
		26DF39001B93FF810080AEB1 /* Frameworks */ = {
			isa = PBXFrameworksBuildPhase;
			buildActionMask = 2147483647;
			files = (
			);
			runOnlyForDeploymentPostprocessing = 0;
		};
/* End PBXFrameworksBuildPhase section */

/* Begin PBXGroup section */
		26DF38E11B93FF810080AEB1 = {
			isa = PBXGroup;
			children = (
				26DF39131B9401DE0080AEB1 /* ReactiveCocoa.framework */,
				26DF38EC1B93FF810080AEB1 /* TestCarthage */,
				26DF39061B93FF810080AEB1 /* TestCarthageTests */,
				26DF38EB1B93FF810080AEB1 /* Products */,
			);
			sourceTree = "<group>";
		};
		26DF38EB1B93FF810080AEB1 /* Products */ = {
			isa = PBXGroup;
			children = (
				26DF38EA1B93FF810080AEB1 /* TestCarthage.app */,
				26DF39031B93FF810080AEB1 /* TestCarthageTests.xctest */,
			);
			name = Products;
			sourceTree = "<group>";
		};
		26DF38EC1B93FF810080AEB1 /* TestCarthage */ = {
			isa = PBXGroup;
			children = (
				26DF38F11B93FF810080AEB1 /* AppDelegate.h */,
				26DF38F21B93FF810080AEB1 /* AppDelegate.m */,
				26DF38F41B93FF810080AEB1 /* ViewController.h */,
				26DF38F51B93FF810080AEB1 /* ViewController.m */,
				26DF38F71B93FF810080AEB1 /* Main.storyboard */,
				26DF38FA1B93FF810080AEB1 /* Images.xcassets */,
				26DF38FC1B93FF810080AEB1 /* LaunchScreen.xib */,
				26DF38ED1B93FF810080AEB1 /* Supporting Files */,
			);
			path = TestCarthage;
			sourceTree = "<group>";
		};
		26DF38ED1B93FF810080AEB1 /* Supporting Files */ = {
			isa = PBXGroup;
			children = (
				26DF38EE1B93FF810080AEB1 /* Info.plist */,
				26DF38EF1B93FF810080AEB1 /* main.m */,
			);
			name = "Supporting Files";
			sourceTree = "<group>";
		};
		26DF39061B93FF810080AEB1 /* TestCarthageTests */ = {
			isa = PBXGroup;
			children = (
				26DF39091B93FF810080AEB1 /* TestCarthageTests.m */,
				26DF39071B93FF810080AEB1 /* Supporting Files */,
			);
			path = TestCarthageTests;
			sourceTree = "<group>";
		};
		26DF39071B93FF810080AEB1 /* Supporting Files */ = {
			isa = PBXGroup;
			children = (
				26DF39081B93FF810080AEB1 /* Info.plist */,
			);
			name = "Supporting Files";
			sourceTree = "<group>";
		};
/* End PBXGroup section */

/* Begin PBXNativeTarget section */
		26DF38E91B93FF810080AEB1 /* TestCarthage */ = {
			isa = PBXNativeTarget;
			buildConfigurationList = 26DF390D1B93FF810080AEB1 /* Build configuration list for PBXNativeTarget "TestCarthage" */;
			buildPhases = (
				26DF38E61B93FF810080AEB1 /* Sources */,
				26DF38E71B93FF810080AEB1 /* Frameworks */,
				26DF38E81B93FF810080AEB1 /* Resources */,
				26DF39171B9402EF0080AEB1 /* Embed Frameworks */,
			);
			buildRules = (
			);
			dependencies = (
			);
			name = TestCarthage;
			productName = TestCarthage;
			productReference = 26DF38EA1B93FF810080AEB1 /* TestCarthage.app */;
			productType = "com.apple.product-type.application";
		};
		26DF39021B93FF810080AEB1 /* TestCarthageTests */ = {
			isa = PBXNativeTarget;
			buildConfigurationList = 26DF39101B93FF810080AEB1 /* Build configuration list for PBXNativeTarget "TestCarthageTests" */;
			buildPhases = (
				26DF38FF1B93FF810080AEB1 /* Sources */,
				26DF39001B93FF810080AEB1 /* Frameworks */,
				26DF39011B93FF810080AEB1 /* Resources */,
			);
			buildRules = (
			);
			dependencies = (
				26DF39051B93FF810080AEB1 /* PBXTargetDependency */,
			);
			name = TestCarthageTests;
			productName = TestCarthageTests;
			productReference = 26DF39031B93FF810080AEB1 /* TestCarthageTests.xctest */;
			productType = "com.apple.product-type.bundle.unit-test";
		};
/* End PBXNativeTarget section */

/* Begin PBXProject section */
		26DF38E21B93FF810080AEB1 /* Project object */ = {
			isa = PBXProject;
			attributes = {
				LastUpgradeCheck = 0640;
				ORGANIZATIONNAME = hky;
				TargetAttributes = {
					26DF38E91B93FF810080AEB1 = {
						CreatedOnToolsVersion = 6.4;
					};
					26DF39021B93FF810080AEB1 = {
						CreatedOnToolsVersion = 6.4;
						TestTargetID = 26DF38E91B93FF810080AEB1;
					};
				};
			};
			buildConfigurationList = 26DF38E51B93FF810080AEB1 /* Build configuration list for PBXProject "TestCarthage" */;
			compatibilityVersion = "Xcode 3.2";
			developmentRegion = English;
			hasScannedForEncodings = 0;
			knownRegions = (
				en,
				Base,
			);
			mainGroup = 26DF38E11B93FF810080AEB1;
			productRefGroup = 26DF38EB1B93FF810080AEB1 /* Products */;
			projectDirPath = "";
			projectRoot = "";
			targets = (
				26DF38E91B93FF810080AEB1 /* TestCarthage */,
				26DF39021B93FF810080AEB1 /* TestCarthageTests */,
			);
		};
/* End PBXProject section */

/* Begin PBXResourcesBuildPhase section */
		26DF38E81B93FF810080AEB1 /* Resources */ = {
			isa = PBXResourcesBuildPhase;
			buildActionMask = 2147483647;
			files = (
				26DF38F91B93FF810080AEB1 /* Main.storyboard in Resources */,
				26DF38FE1B93FF810080AEB1 /* LaunchScreen.xib in Resources */,
				26DF38FB1B93FF810080AEB1 /* Images.xcassets in Resources */,
			);
			runOnlyForDeploymentPostprocessing = 0;
		};
		26DF39011B93FF810080AEB1 /* Resources */ = {
			isa = PBXResourcesBuildPhase;
			buildActionMask = 2147483647;
			files = (
			);
			runOnlyForDeploymentPostprocessing = 0;
		};
/* End PBXResourcesBuildPhase section */

/* Begin PBXSourcesBuildPhase section */
		26DF38E61B93FF810080AEB1 /* Sources */ = {
			isa = PBXSourcesBuildPhase;
			buildActionMask = 2147483647;
			files = (
				26DF38F61B93FF810080AEB1 /* ViewController.m in Sources */,
				26DF38F31B93FF810080AEB1 /* AppDelegate.m in Sources */,
				26DF38F01B93FF810080AEB1 /* main.m in Sources */,
			);
			runOnlyForDeploymentPostprocessing = 0;
		};
		26DF38FF1B93FF810080AEB1 /* Sources */ = {
			isa = PBXSourcesBuildPhase;
			buildActionMask = 2147483647;
			files = (
				26DF390A1B93FF810080AEB1 /* TestCarthageTests.m in Sources */,
			);
			runOnlyForDeploymentPostprocessing = 0;
		};
/* End PBXSourcesBuildPhase section */

/* Begin PBXTargetDependency section */
		26DF39051B93FF810080AEB1 /* PBXTargetDependency */ = {
			isa = PBXTargetDependency;
			target = 26DF38E91B93FF810080AEB1 /* TestCarthage */;
			targetProxy = 26DF39041B93FF810080AEB1 /* PBXContainerItemProxy */;
		};
/* End PBXTargetDependency section */

/* Begin PBXVariantGroup section */
		26DF38F71B93FF810080AEB1 /* Main.storyboard */ = {
			isa = PBXVariantGroup;
			children = (
				26DF38F81B93FF810080AEB1 /* Base */,
			);
			name = Main.storyboard;
			sourceTree = "<group>";
		};
		26DF38FC1B93FF810080AEB1 /* LaunchScreen.xib */ = {
			isa = PBXVariantGroup;
			children = (
				26DF38FD1B93FF810080AEB1 /* Base */,
			);
			name = LaunchScreen.xib;
			sourceTree = "<group>";
		};
/* End PBXVariantGroup section */

/* Begin XCBuildConfiguration section */
		26DF390B1B93FF810080AEB1 /* Debug */ = {
			isa = XCBuildConfiguration;
			buildSettings = {
				ALWAYS_SEARCH_USER_PATHS = NO;
				CLANG_CXX_LANGUAGE_STANDARD = "gnu++0x";
				CLANG_CXX_LIBRARY = "libc++";
				CLANG_ENABLE_MODULES = YES;
				CLANG_ENABLE_OBJC_ARC = YES;
				CLANG_WARN_BOOL_CONVERSION = YES;
				CLANG_WARN_CONSTANT_CONVERSION = YES;
				CLANG_WARN_DIRECT_OBJC_ISA_USAGE = YES_ERROR;
				CLANG_WARN_EMPTY_BODY = YES;
				CLANG_WARN_ENUM_CONVERSION = YES;
				CLANG_WARN_INT_CONVERSION = YES;
				CLANG_WARN_OBJC_ROOT_CLASS = YES_ERROR;
				CLANG_WARN_UNREACHABLE_CODE = YES;
				CLANG_WARN__DUPLICATE_METHOD_MATCH = YES;
				"CODE_SIGN_IDENTITY[sdk=iphoneos*]" = "iPhone Developer";
				COPY_PHASE_STRIP = NO;
				DEBUG_INFORMATION_FORMAT = "dwarf-with-dsym";
				ENABLE_STRICT_OBJC_MSGSEND = YES;
				GCC_C_LANGUAGE_STANDARD = gnu99;
				GCC_DYNAMIC_NO_PIC = NO;
				GCC_NO_COMMON_BLOCKS = YES;
				GCC_OPTIMIZATION_LEVEL = 0;
				GCC_PREPROCESSOR_DEFINITIONS = (
					"DEBUG=1",
					"$(inherited)",
				);
				GCC_SYMBOLS_PRIVATE_EXTERN = NO;
				GCC_WARN_64_TO_32_BIT_CONVERSION = YES;
				GCC_WARN_ABOUT_RETURN_TYPE = YES_ERROR;
				GCC_WARN_UNDECLARED_SELECTOR = YES;
				GCC_WARN_UNINITIALIZED_AUTOS = YES_AGGRESSIVE;
				GCC_WARN_UNUSED_FUNCTION = YES;
				GCC_WARN_UNUSED_VARIABLE = YES;
				IPHONEOS_DEPLOYMENT_TARGET = 8.4;
				MTL_ENABLE_DEBUG_INFO = YES;
				ONLY_ACTIVE_ARCH = YES;
				SDKROOT = iphoneos;
			};
			name = Debug;
		};
		26DF390C1B93FF810080AEB1 /* Release */ = {
			isa = XCBuildConfiguration;
			buildSettings = {
				ALWAYS_SEARCH_USER_PATHS = NO;
				CLANG_CXX_LANGUAGE_STANDARD = "gnu++0x";
				CLANG_CXX_LIBRARY = "libc++";
				CLANG_ENABLE_MODULES = YES;
				CLANG_ENABLE_OBJC_ARC = YES;
				CLANG_WARN_BOOL_CONVERSION = YES;
				CLANG_WARN_CONSTANT_CONVERSION = YES;
				CLANG_WARN_DIRECT_OBJC_ISA_USAGE = YES_ERROR;
				CLANG_WARN_EMPTY_BODY = YES;
				CLANG_WARN_ENUM_CONVERSION = YES;
				CLANG_WARN_INT_CONVERSION = YES;
				CLANG_WARN_OBJC_ROOT_CLASS = YES_ERROR;
				CLANG_WARN_UNREACHABLE_CODE = YES;
				CLANG_WARN__DUPLICATE_METHOD_MATCH = YES;
				"CODE_SIGN_IDENTITY[sdk=iphoneos*]" = "iPhone Developer";
				COPY_PHASE_STRIP = NO;
				DEBUG_INFORMATION_FORMAT = "dwarf-with-dsym";
				ENABLE_NS_ASSERTIONS = NO;
				ENABLE_STRICT_OBJC_MSGSEND = YES;
				GCC_C_LANGUAGE_STANDARD = gnu99;
				GCC_NO_COMMON_BLOCKS = YES;
				GCC_WARN_64_TO_32_BIT_CONVERSION = YES;
				GCC_WARN_ABOUT_RETURN_TYPE = YES_ERROR;
				GCC_WARN_UNDECLARED_SELECTOR = YES;
				GCC_WARN_UNINITIALIZED_AUTOS = YES_AGGRESSIVE;
				GCC_WARN_UNUSED_FUNCTION = YES;
				GCC_WARN_UNUSED_VARIABLE = YES;
				IPHONEOS_DEPLOYMENT_TARGET = 8.4;
				MTL_ENABLE_DEBUG_INFO = NO;
				SDKROOT = iphoneos;
				VALIDATE_PRODUCT = YES;
			};
			name = Release;
		};
		26DF390E1B93FF810080AEB1 /* Debug */ = {
			isa = XCBuildConfiguration;
			buildSettings = {
				ASSETCATALOG_COMPILER_APPICON_NAME = AppIcon;
				EMBEDDED_CONTENT_CONTAINS_SWIFT = NO;
				FRAMEWORK_SEARCH_PATHS = (
					"$(inherited)",
					"$(PROJECT_DIR)/Carthage/Build/iOS",
				);
				INFOPLIST_FILE = TestCarthage/Info.plist;
				LD_RUNPATH_SEARCH_PATHS = "$(inherited) @executable_path/Frameworks";
				PRODUCT_NAME = "$(TARGET_NAME)";
			};
			name = Debug;
		};
		26DF390F1B93FF810080AEB1 /* Release */ = {
			isa = XCBuildConfiguration;
			buildSettings = {
				ASSETCATALOG_COMPILER_APPICON_NAME = AppIcon;
				EMBEDDED_CONTENT_CONTAINS_SWIFT = NO;
				FRAMEWORK_SEARCH_PATHS = (
					"$(inherited)",
					"$(PROJECT_DIR)/Carthage/Build/iOS",
				);
				INFOPLIST_FILE = TestCarthage/Info.plist;
				LD_RUNPATH_SEARCH_PATHS = "$(inherited) @executable_path/Frameworks";
				PRODUCT_NAME = "$(TARGET_NAME)";
			};
			name = Release;
		};
		26DF39111B93FF810080AEB1 /* Debug */ = {
			isa = XCBuildConfiguration;
			buildSettings = {
				BUNDLE_LOADER = "$(TEST_HOST)";
				FRAMEWORK_SEARCH_PATHS = (
					"$(SDKROOT)/Developer/Library/Frameworks",
					"$(inherited)",
				);
				GCC_PREPROCESSOR_DEFINITIONS = (
					"DEBUG=1",
					"$(inherited)",
				);
				INFOPLIST_FILE = TestCarthageTests/Info.plist;
				LD_RUNPATH_SEARCH_PATHS = "$(inherited) @executable_path/Frameworks @loader_path/Frameworks";
				PRODUCT_NAME = "$(TARGET_NAME)";
				TEST_HOST = "$(BUILT_PRODUCTS_DIR)/TestCarthage.app/TestCarthage";
			};
			name = Debug;
		};
		26DF39121B93FF810080AEB1 /* Release */ = {
			isa = XCBuildConfiguration;
			buildSettings = {
				BUNDLE_LOADER = "$(TEST_HOST)";
				FRAMEWORK_SEARCH_PATHS = (
					"$(SDKROOT)/Developer/Library/Frameworks",
					"$(inherited)",
				);
				INFOPLIST_FILE = TestCarthageTests/Info.plist;
				LD_RUNPATH_SEARCH_PATHS = "$(inherited) @executable_path/Frameworks @loader_path/Frameworks";
				PRODUCT_NAME = "$(TARGET_NAME)";
				TEST_HOST = "$(BUILT_PRODUCTS_DIR)/TestCarthage.app/TestCarthage";
			};
			name = Release;
		};
/* End XCBuildConfiguration section */

/* Begin XCConfigurationList section */
		26DF38E51B93FF810080AEB1 /* Build configuration list for PBXProject "TestCarthage" */ = {
			isa = XCConfigurationList;
			buildConfigurations = (
				26DF390B1B93FF810080AEB1 /* Debug */,
				26DF390C1B93FF810080AEB1 /* Release */,
			);
			defaultConfigurationIsVisible = 0;
			defaultConfigurationName = Release;
		};
		26DF390D1B93FF810080AEB1 /* Build configuration list for PBXNativeTarget "TestCarthage" */ = {
			isa = XCConfigurationList;
			buildConfigurations = (
				26DF390E1B93FF810080AEB1 /* Debug */,
				26DF390F1B93FF810080AEB1 /* Release */,
			);
			defaultConfigurationIsVisible = 0;
		};
		26DF39101B93FF810080AEB1 /* Build configuration list for PBXNativeTarget "TestCarthageTests" */ = {
			isa = XCConfigurationList;
			buildConfigurations = (
				26DF39111B93FF810080AEB1 /* Debug */,
				26DF39121B93FF810080AEB1 /* Release */,
			);
			defaultConfigurationIsVisible = 0;
		};
/* End XCConfigurationList section */
	};
	rootObject = 26DF38E21B93FF810080AEB1 /* Project object */;
}
